
Microsoft Visual Studio Solution File, Format Version 12.00
# Visual Studio Version 16
VisualStudioVersion = 16.0.30711.63
MinimumVisualStudioVersion = 10.0.40219.1
Project("{9A19103F-16F7-4668-BE54-9A1E7A4F7556}") = "BanqsoftApi", "BanqsoftApi.csproj", "{FA74A66A-8C0B-4238-A051-5332D85546CC}"
EndProject
Project("{FAE04EC0-301F-11D3-BF4B-00C04F79EFBC}") = "BanqsoftApi.Domain", "..\BanqsoftApi.Domain\BanqsoftApi.Domain.csproj", "{7E14F4E2-B12F-4EC1-ABC4-1FD0B5872735}"
EndProject
Project("{FAE04EC0-301F-11D3-BF4B-00C04F79EFBC}") = "BanqsoftApi.DomainTests", "..\BanqsoftApi.DomainTests\BanqsoftApi.DomainTests.csproj", "{79495683-B3D4-4C77-85FB-D48E5E3A8FB9}"
EndProject
Global
	GlobalSection(SolutionConfigurationPlatforms) = preSolution
		Debug|Any CPU = Debug|Any CPU
		Release|Any CPU = Release|Any CPU
	EndGlobalSection
	GlobalSection(ProjectConfigurationPlatforms) = postSolution
		{FA74A66A-8C0B-4238-A051-5332D85546CC}.Debug|Any CPU.ActiveCfg = Debug|Any CPU
		{FA74A66A-8C0B-4238-A051-5332D85546CC}.Debug|Any CPU.Build.0 = Debug|Any CPU
		{FA74A66A-8C0B-4238-A051-5332D85546CC}.Release|Any CPU.ActiveCfg = Release|Any CPU
		{FA74A66A-8C0B-4238-A051-5332D85546CC}.Release|Any CPU.Build.0 = Release|Any CPU
		{7E14F4E2-B12F-4EC1-ABC4-1FD0B5872735}.Debug|Any CPU.ActiveCfg = Debug|Any CPU
		{7E14F4E2-B12F-4EC1-ABC4-1FD0B5872735}.Debug|Any CPU.Build.0 = Debug|Any CPU
		{7E14F4E2-B12F-4EC1-ABC4-1FD0B5872735}.Release|Any CPU.ActiveCfg = Release|Any CPU
		{7E14F4E2-B12F-4EC1-ABC4-1FD0B5872735}.Release|Any CPU.Build.0 = Release|Any CPU
		{79495683-B3D4-4C77-85FB-D48E5E3A8FB9}.Debug|Any CPU.ActiveCfg = Debug|Any CPU
		{79495683-B3D4-4C77-85FB-D48E5E3A8FB9}.Debug|Any CPU.Build.0 = Debug|Any CPU
		{79495683-B3D4-4C77-85FB-D48E5E3A8FB9}.Release|Any CPU.ActiveCfg = Release|Any CPU
		{79495683-B3D4-4C77-85FB-D48E5E3A8FB9}.Release|Any CPU.Build.0 = Release|Any CPU
	EndGlobalSection
	GlobalSection(SolutionProperties) = preSolution
		HideSolutionNode = FALSE
	EndGlobalSection
	GlobalSection(ExtensibilityGlobals) = postSolution
		SolutionGuid = {D4532E38-67EF-4EF6-8F01-6A54D9CC9F73}
	EndGlobalSection
EndGlobal
